
Microsoft Visual Studio Solution File, Format Version 12.00
# Visual Studio Version 17
VisualStudioVersion = 17.2.32519.379
MinimumVisualStudioVersion = 10.0.40219.1
Project("{9A19103F-16F7-4668-BE54-9A1E7A4F7556}") = "LibraryManagementSystem", "LibraryManagementSystem\LibraryManagementSystem.csproj", "{2B21F3BE-885F-49F3-AF39-A753F134EAC3}"
EndProject
Project("{9A19103F-16F7-4668-BE54-9A1E7A4F7556}") = "LibraryManagementSystem.Data", "LibraryManagementSystem.Data\LibraryManagementSystem.Data.csproj", "{A6872E66-372E-41D7-833E-9CBE2F1AE428}"
EndProject
Project("{9A19103F-16F7-4668-BE54-9A1E7A4F7556}") = "LibraryManagementSystem.Authentication", "LibraryManagementSystem.Authentication\LibraryManagementSystem.Authentication.csproj", "{3D53FEF7-28D0-44AC-8A82-B8C7C0B034F4}"
EndProject
Project("{9A19103F-16F7-4668-BE54-9A1E7A4F7556}") = "LibraryManagementSystem.Adapter", "LibraryManagementSystem.Adapter\LibraryManagementSystem.Adapter.csproj", "{2D13C140-1286-4366-87A7-1712D8C749C2}"
EndProject
Project("{9A19103F-16F7-4668-BE54-9A1E7A4F7556}") = "LibraryManagementSystem.Tests", "LibraryManagementSystem.Tests\LibraryManagementSystem.Tests.csproj", "{1204807A-561B-4BF8-B0CD-F444AE14252E}"
EndProject
Project("{FAE04EC0-301F-11D3-BF4B-00C04F79EFBC}") = "LibraryManagementSystem.ViewsAdapter", "LibraryManagementSystem.ViewsAdapter\LibraryManagementSystem.ViewsAdapter.csproj", "{973309F1-7426-4267-8E33-24EAFC482FFC}"
EndProject
Global
	GlobalSection(SolutionConfigurationPlatforms) = preSolution
		Debug|Any CPU = Debug|Any CPU
		Release|Any CPU = Release|Any CPU
	EndGlobalSection
	GlobalSection(ProjectConfigurationPlatforms) = postSolution
		{2B21F3BE-885F-49F3-AF39-A753F134EAC3}.Debug|Any CPU.ActiveCfg = Debug|Any CPU
		{2B21F3BE-885F-49F3-AF39-A753F134EAC3}.Debug|Any CPU.Build.0 = Debug|Any CPU
		{2B21F3BE-885F-49F3-AF39-A753F134EAC3}.Release|Any CPU.ActiveCfg = Release|Any CPU
		{2B21F3BE-885F-49F3-AF39-A753F134EAC3}.Release|Any CPU.Build.0 = Release|Any CPU
		{A6872E66-372E-41D7-833E-9CBE2F1AE428}.Debug|Any CPU.ActiveCfg = Debug|Any CPU
		{A6872E66-372E-41D7-833E-9CBE2F1AE428}.Debug|Any CPU.Build.0 = Debug|Any CPU
		{A6872E66-372E-41D7-833E-9CBE2F1AE428}.Release|Any CPU.ActiveCfg = Release|Any CPU
		{A6872E66-372E-41D7-833E-9CBE2F1AE428}.Release|Any CPU.Build.0 = Release|Any CPU
		{3D53FEF7-28D0-44AC-8A82-B8C7C0B034F4}.Debug|Any CPU.ActiveCfg = Debug|Any CPU
		{3D53FEF7-28D0-44AC-8A82-B8C7C0B034F4}.Debug|Any CPU.Build.0 = Debug|Any CPU
		{3D53FEF7-28D0-44AC-8A82-B8C7C0B034F4}.Release|Any CPU.ActiveCfg = Release|Any CPU
		{3D53FEF7-28D0-44AC-8A82-B8C7C0B034F4}.Release|Any CPU.Build.0 = Release|Any CPU
		{2D13C140-1286-4366-87A7-1712D8C749C2}.Debug|Any CPU.ActiveCfg = Debug|Any CPU
		{2D13C140-1286-4366-87A7-1712D8C749C2}.Debug|Any CPU.Build.0 = Debug|Any CPU
		{2D13C140-1286-4366-87A7-1712D8C749C2}.Release|Any CPU.ActiveCfg = Release|Any CPU
		{2D13C140-1286-4366-87A7-1712D8C749C2}.Release|Any CPU.Build.0 = Release|Any CPU
		{1204807A-561B-4BF8-B0CD-F444AE14252E}.Debug|Any CPU.ActiveCfg = Debug|Any CPU
		{1204807A-561B-4BF8-B0CD-F444AE14252E}.Debug|Any CPU.Build.0 = Debug|Any CPU
		{1204807A-561B-4BF8-B0CD-F444AE14252E}.Release|Any CPU.ActiveCfg = Release|Any CPU
		{1204807A-561B-4BF8-B0CD-F444AE14252E}.Release|Any CPU.Build.0 = Release|Any CPU
		{973309F1-7426-4267-8E33-24EAFC482FFC}.Debug|Any CPU.ActiveCfg = Debug|Any CPU
		{973309F1-7426-4267-8E33-24EAFC482FFC}.Debug|Any CPU.Build.0 = Debug|Any CPU
		{973309F1-7426-4267-8E33-24EAFC482FFC}.Release|Any CPU.ActiveCfg = Release|Any CPU
		{973309F1-7426-4267-8E33-24EAFC482FFC}.Release|Any CPU.Build.0 = Release|Any CPU
	EndGlobalSection
	GlobalSection(SolutionProperties) = preSolution
		HideSolutionNode = FALSE
	EndGlobalSection
	GlobalSection(ExtensibilityGlobals) = postSolution
		SolutionGuid = {EE838D72-17F1-44C2-B87F-E7338C2B9019}
	EndGlobalSection
EndGlobal
