
Microsoft Visual Studio Solution File, Format Version 12.00
# Visual Studio Version 17
VisualStudioVersion = 17.2.32519.379
MinimumVisualStudioVersion = 10.0.40219.1
Project("{9A19103F-16F7-4668-BE54-9A1E7A4F7556}") = "LibraryManagementSystem", "LibraryManagementSystem\LibraryManagementSystem.csproj", "{2B21F3BE-885F-49F3-AF39-A753F134EAC3}"
EndProject
Project("{9A19103F-16F7-4668-BE54-9A1E7A4F7556}") = "LibraryManagementSystem.Interfaces", "LibraryManagementSystem.Interfaces\LibraryManagementSystem.Interfaces.csproj", "{01B8D047-727B-44B0-B872-43A89292669C}"
EndProject
Global
	GlobalSection(SolutionConfigurationPlatforms) = preSolution
		Debug|Any CPU = Debug|Any CPU
		Release|Any CPU = Release|Any CPU
	EndGlobalSection
	GlobalSection(ProjectConfigurationPlatforms) = postSolution
		{2B21F3BE-885F-49F3-AF39-A753F134EAC3}.Debug|Any CPU.ActiveCfg = Debug|Any CPU
		{2B21F3BE-885F-49F3-AF39-A753F134EAC3}.Debug|Any CPU.Build.0 = Debug|Any CPU
		{2B21F3BE-885F-49F3-AF39-A753F134EAC3}.Release|Any CPU.ActiveCfg = Release|Any CPU
		{2B21F3BE-885F-49F3-AF39-A753F134EAC3}.Release|Any CPU.Build.0 = Release|Any CPU
		{01B8D047-727B-44B0-B872-43A89292669C}.Debug|Any CPU.ActiveCfg = Debug|Any CPU
		{01B8D047-727B-44B0-B872-43A89292669C}.Debug|Any CPU.Build.0 = Debug|Any CPU
		{01B8D047-727B-44B0-B872-43A89292669C}.Release|Any CPU.ActiveCfg = Release|Any CPU
		{01B8D047-727B-44B0-B872-43A89292669C}.Release|Any CPU.Build.0 = Release|Any CPU
	EndGlobalSection
	GlobalSection(SolutionProperties) = preSolution
		HideSolutionNode = FALSE
	EndGlobalSection
	GlobalSection(ExtensibilityGlobals) = postSolution
		SolutionGuid = {EE838D72-17F1-44C2-B87F-E7338C2B9019}
	EndGlobalSection
EndGlobal
